// !$*UTF8*$!
{
	archiveVersion = 1;
	classes = {
	};
	objectVersion = 56;
	objects = {

/* Begin PBXBuildFile section */
		30223F5C2BCD66A600AB156D /* AppDelegate.swift in Sources */ = {isa = PBXBuildFile; fileRef = 30223F5B2BCD66A600AB156D /* AppDelegate.swift */; };
		30223F5E2BCD66A600AB156D /* SceneDelegate.swift in Sources */ = {isa = PBXBuildFile; fileRef = 30223F5D2BCD66A600AB156D /* SceneDelegate.swift */; };
		30223F652BCD66A800AB156D /* Assets.xcassets in Resources */ = {isa = PBXBuildFile; fileRef = 30223F642BCD66A800AB156D /* Assets.xcassets */; };
		30223F682BCD66A800AB156D /* Base in Resources */ = {isa = PBXBuildFile; fileRef = 30223F672BCD66A800AB156D /* Base */; };
		30223F702BCD678A00AB156D /* AppCoordinator.swift in Sources */ = {isa = PBXBuildFile; fileRef = 30223F6F2BCD678A00AB156D /* AppCoordinator.swift */; };
		30223F722BCD67B500AB156D /* Coordinator.swift in Sources */ = {isa = PBXBuildFile; fileRef = 30223F712BCD67B500AB156D /* Coordinator.swift */; };
		30223F752BCD6A3800AB156D /* PlayersCoordinator.swift in Sources */ = {isa = PBXBuildFile; fileRef = 30223F742BCD6A3800AB156D /* PlayersCoordinator.swift */; };
		30223F772BCD6B2A00AB156D /* PlayersListView.swift in Sources */ = {isa = PBXBuildFile; fileRef = 30223F762BCD6B2A00AB156D /* PlayersListView.swift */; };
		30223F792BCD6D0100AB156D /* PlayersViewModel.swift in Sources */ = {isa = PBXBuildFile; fileRef = 30223F782BCD6D0100AB156D /* PlayersViewModel.swift */; };
		30223F7B2BCD6D0800AB156D /* Player.swift in Sources */ = {isa = PBXBuildFile; fileRef = 30223F7A2BCD6D0800AB156D /* Player.swift */; };
		30223F7D2BCD6D1500AB156D /* PlayerDetailView.swift in Sources */ = {isa = PBXBuildFile; fileRef = 30223F7C2BCD6D1500AB156D /* PlayerDetailView.swift */; };
		30223F7F2BCD6D2900AB156D /* PlayerDetailViewModel.swift in Sources */ = {isa = PBXBuildFile; fileRef = 30223F7E2BCD6D2900AB156D /* PlayerDetailViewModel.swift */; };
		30223F832BCD6D3900AB156D /* Team.swift in Sources */ = {isa = PBXBuildFile; fileRef = 30223F822BCD6D3900AB156D /* Team.swift */; };
		30223F852BCD6D4300AB156D /* TeamViewModel.swift in Sources */ = {isa = PBXBuildFile; fileRef = 30223F842BCD6D4300AB156D /* TeamViewModel.swift */; };
		30223F872BCD6D5700AB156D /* TeamView.swift in Sources */ = {isa = PBXBuildFile; fileRef = 30223F862BCD6D5700AB156D /* TeamView.swift */; };
		30223F8C2BCD99A800AB156D /* NBAPalNetworkManager.swift in Sources */ = {isa = PBXBuildFile; fileRef = 30223F8B2BCD99A800AB156D /* NBAPalNetworkManager.swift */; };
		30223F8E2BCE637900AB156D /* LoadingView.swift in Sources */ = {isa = PBXBuildFile; fileRef = 30223F8D2BCE637900AB156D /* LoadingView.swift */; };
		30223F902BCE87A400AB156D /* PlayerListRow.swift in Sources */ = {isa = PBXBuildFile; fileRef = 30223F8F2BCE87A400AB156D /* PlayerListRow.swift */; };
		30223F922BCE892000AB156D /* MockData.swift in Sources */ = {isa = PBXBuildFile; fileRef = 30223F912BCE892000AB156D /* MockData.swift */; };
		30223F942BCFBEF700AB156D /* CLLocationExtension.swift in Sources */ = {isa = PBXBuildFile; fileRef = 30223F932BCFBEF700AB156D /* CLLocationExtension.swift */; };
		30223F982BCFC81D00AB156D /* PageGallery.swift in Sources */ = {isa = PBXBuildFile; fileRef = 30223F972BCFC81D00AB156D /* PageGallery.swift */; };
		30223F9A2BD15BF400AB156D /* OSLogExtension.swift in Sources */ = {isa = PBXBuildFile; fileRef = 30223F992BD15BF400AB156D /* OSLogExtension.swift */; };
		30223F9D2BD16B3400AB156D /* NBAPalConfiguration.swift in Sources */ = {isa = PBXBuildFile; fileRef = 30223F9C2BD16B3400AB156D /* NBAPalConfiguration.swift */; };
		30223F9F2BD1708E00AB156D /* NetworkManager.swift in Sources */ = {isa = PBXBuildFile; fileRef = 30223F9E2BD1708E00AB156D /* NetworkManager.swift */; };
		30223FA32BD1B41600AB156D /* Localizable.xcstrings in Resources */ = {isa = PBXBuildFile; fileRef = 30223FA22BD1B41500AB156D /* Localizable.xcstrings */; };
/* End PBXBuildFile section */

/* Begin PBXFileReference section */
		30223F582BCD66A600AB156D /* NBAPal.app */ = {isa = PBXFileReference; explicitFileType = wrapper.application; includeInIndex = 0; path = NBAPal.app; sourceTree = BUILT_PRODUCTS_DIR; };
		30223F5B2BCD66A600AB156D /* AppDelegate.swift */ = {isa = PBXFileReference; lastKnownFileType = sourcecode.swift; path = AppDelegate.swift; sourceTree = "<group>"; };
		30223F5D2BCD66A600AB156D /* SceneDelegate.swift */ = {isa = PBXFileReference; lastKnownFileType = sourcecode.swift; path = SceneDelegate.swift; sourceTree = "<group>"; };
		30223F642BCD66A800AB156D /* Assets.xcassets */ = {isa = PBXFileReference; lastKnownFileType = folder.assetcatalog; path = Assets.xcassets; sourceTree = "<group>"; };
		30223F672BCD66A800AB156D /* Base */ = {isa = PBXFileReference; lastKnownFileType = file.storyboard; name = Base; path = Base.lproj/LaunchScreen.storyboard; sourceTree = "<group>"; };
		30223F692BCD66A900AB156D /* Info.plist */ = {isa = PBXFileReference; lastKnownFileType = text.plist.xml; path = Info.plist; sourceTree = "<group>"; };
		30223F6F2BCD678A00AB156D /* AppCoordinator.swift */ = {isa = PBXFileReference; lastKnownFileType = sourcecode.swift; path = AppCoordinator.swift; sourceTree = "<group>"; };
		30223F712BCD67B500AB156D /* Coordinator.swift */ = {isa = PBXFileReference; lastKnownFileType = sourcecode.swift; path = Coordinator.swift; sourceTree = "<group>"; };
		30223F742BCD6A3800AB156D /* PlayersCoordinator.swift */ = {isa = PBXFileReference; lastKnownFileType = sourcecode.swift; path = PlayersCoordinator.swift; sourceTree = "<group>"; };
		30223F762BCD6B2A00AB156D /* PlayersListView.swift */ = {isa = PBXFileReference; lastKnownFileType = sourcecode.swift; path = PlayersListView.swift; sourceTree = "<group>"; };
		30223F782BCD6D0100AB156D /* PlayersViewModel.swift */ = {isa = PBXFileReference; lastKnownFileType = sourcecode.swift; path = PlayersViewModel.swift; sourceTree = "<group>"; };
		30223F7A2BCD6D0800AB156D /* Player.swift */ = {isa = PBXFileReference; lastKnownFileType = sourcecode.swift; path = Player.swift; sourceTree = "<group>"; };
		30223F7C2BCD6D1500AB156D /* PlayerDetailView.swift */ = {isa = PBXFileReference; lastKnownFileType = sourcecode.swift; path = PlayerDetailView.swift; sourceTree = "<group>"; };
		30223F7E2BCD6D2900AB156D /* PlayerDetailViewModel.swift */ = {isa = PBXFileReference; lastKnownFileType = sourcecode.swift; path = PlayerDetailViewModel.swift; sourceTree = "<group>"; };
		30223F822BCD6D3900AB156D /* Team.swift */ = {isa = PBXFileReference; lastKnownFileType = sourcecode.swift; path = Team.swift; sourceTree = "<group>"; };
		30223F842BCD6D4300AB156D /* TeamViewModel.swift */ = {isa = PBXFileReference; lastKnownFileType = sourcecode.swift; path = TeamViewModel.swift; sourceTree = "<group>"; };
		30223F862BCD6D5700AB156D /* TeamView.swift */ = {isa = PBXFileReference; lastKnownFileType = sourcecode.swift; path = TeamView.swift; sourceTree = "<group>"; };
		30223F8B2BCD99A800AB156D /* NBAPalNetworkManager.swift */ = {isa = PBXFileReference; lastKnownFileType = sourcecode.swift; path = NBAPalNetworkManager.swift; sourceTree = "<group>"; };
		30223F8D2BCE637900AB156D /* LoadingView.swift */ = {isa = PBXFileReference; lastKnownFileType = sourcecode.swift; path = LoadingView.swift; sourceTree = "<group>"; };
		30223F8F2BCE87A400AB156D /* PlayerListRow.swift */ = {isa = PBXFileReference; lastKnownFileType = sourcecode.swift; path = PlayerListRow.swift; sourceTree = "<group>"; };
		30223F912BCE892000AB156D /* MockData.swift */ = {isa = PBXFileReference; lastKnownFileType = sourcecode.swift; path = MockData.swift; sourceTree = "<group>"; };
		30223F932BCFBEF700AB156D /* CLLocationExtension.swift */ = {isa = PBXFileReference; lastKnownFileType = sourcecode.swift; path = CLLocationExtension.swift; sourceTree = "<group>"; };
		30223F972BCFC81D00AB156D /* PageGallery.swift */ = {isa = PBXFileReference; lastKnownFileType = sourcecode.swift; path = PageGallery.swift; sourceTree = "<group>"; };
		30223F992BD15BF400AB156D /* OSLogExtension.swift */ = {isa = PBXFileReference; lastKnownFileType = sourcecode.swift; path = OSLogExtension.swift; sourceTree = "<group>"; };
		30223F9C2BD16B3400AB156D /* NBAPalConfiguration.swift */ = {isa = PBXFileReference; lastKnownFileType = sourcecode.swift; path = NBAPalConfiguration.swift; sourceTree = "<group>"; };
		30223F9E2BD1708E00AB156D /* NetworkManager.swift */ = {isa = PBXFileReference; lastKnownFileType = sourcecode.swift; path = NetworkManager.swift; sourceTree = "<group>"; };
		30223FA12BD1B3D200AB156D /* cs */ = {isa = PBXFileReference; lastKnownFileType = text.plist.strings; name = cs; path = cs.lproj/LaunchScreen.strings; sourceTree = "<group>"; };
		30223FA22BD1B41500AB156D /* Localizable.xcstrings */ = {isa = PBXFileReference; lastKnownFileType = text.json.xcstrings; path = Localizable.xcstrings; sourceTree = "<group>"; };
/* End PBXFileReference section */

/* Begin PBXFrameworksBuildPhase section */
		30223F552BCD66A600AB156D /* Frameworks */ = {
			isa = PBXFrameworksBuildPhase;
			buildActionMask = 2147483647;
			files = (
			);
			runOnlyForDeploymentPostprocessing = 0;
		};
/* End PBXFrameworksBuildPhase section */

/* Begin PBXGroup section */
		30223F4F2BCD66A600AB156D = {
			isa = PBXGroup;
			children = (
				30223F5A2BCD66A600AB156D /* NBAPal */,
				30223F592BCD66A600AB156D /* Products */,
			);
			sourceTree = "<group>";
		};
		30223F592BCD66A600AB156D /* Products */ = {
			isa = PBXGroup;
			children = (
				30223F582BCD66A600AB156D /* NBAPal.app */,
			);
			name = Products;
			sourceTree = "<group>";
		};
		30223F5A2BCD66A600AB156D /* NBAPal */ = {
			isa = PBXGroup;
			children = (
				30223F5B2BCD66A600AB156D /* AppDelegate.swift */,
				30223F5D2BCD66A600AB156D /* SceneDelegate.swift */,
				30223FA02BD1B1F300AB156D /* Coordinators */,
				30223F642BCD66A800AB156D /* Assets.xcassets */,
				30223F662BCD66A800AB156D /* LaunchScreen.storyboard */,
				30223F692BCD66A900AB156D /* Info.plist */,
				30223F732BCD685300AB156D /* Protocols */,
				30223F882BCD6EE800AB156D /* PlayerList */,
				30223F892BCD894200AB156D /* PlayerDetail */,
				30223F8A2BCD894E00AB156D /* Team */,
				30223F9B2BD167FE00AB156D /* Networking */,
				30223F962BCFC7E700AB156D /* ReusableViews */,
				30223F912BCE892000AB156D /* MockData.swift */,
				30223F952BCFC7D700AB156D /* Extensions */,
				30223F9C2BD16B3400AB156D /* NBAPalConfiguration.swift */,
				30223FA22BD1B41500AB156D /* Localizable.xcstrings */,
			);
			path = NBAPal;
			sourceTree = "<group>";
		};
		30223F732BCD685300AB156D /* Protocols */ = {
			isa = PBXGroup;
			children = (
				30223F712BCD67B500AB156D /* Coordinator.swift */,
				30223F9E2BD1708E00AB156D /* NetworkManager.swift */,
			);
			path = Protocols;
			sourceTree = "<group>";
		};
		30223F882BCD6EE800AB156D /* PlayerList */ = {
			isa = PBXGroup;
			children = (
				30223F762BCD6B2A00AB156D /* PlayersListView.swift */,
				30223F782BCD6D0100AB156D /* PlayersViewModel.swift */,
				30223F7A2BCD6D0800AB156D /* Player.swift */,
				30223F8F2BCE87A400AB156D /* PlayerListRow.swift */,
			);
			path = PlayerList;
			sourceTree = "<group>";
		};
		30223F892BCD894200AB156D /* PlayerDetail */ = {
			isa = PBXGroup;
			children = (
				30223F7C2BCD6D1500AB156D /* PlayerDetailView.swift */,
				30223F7E2BCD6D2900AB156D /* PlayerDetailViewModel.swift */,
			);
			path = PlayerDetail;
			sourceTree = "<group>";
		};
		30223F8A2BCD894E00AB156D /* Team */ = {
			isa = PBXGroup;
			children = (
				30223F822BCD6D3900AB156D /* Team.swift */,
				30223F842BCD6D4300AB156D /* TeamViewModel.swift */,
				30223F862BCD6D5700AB156D /* TeamView.swift */,
			);
			path = Team;
			sourceTree = "<group>";
		};
		30223F952BCFC7D700AB156D /* Extensions */ = {
			isa = PBXGroup;
			children = (
				30223F932BCFBEF700AB156D /* CLLocationExtension.swift */,
				30223F992BD15BF400AB156D /* OSLogExtension.swift */,
			);
			path = Extensions;
			sourceTree = "<group>";
		};
		30223F962BCFC7E700AB156D /* ReusableViews */ = {
			isa = PBXGroup;
			children = (
				30223F8D2BCE637900AB156D /* LoadingView.swift */,
				30223F972BCFC81D00AB156D /* PageGallery.swift */,
			);
			path = ReusableViews;
			sourceTree = "<group>";
		};
		30223F9B2BD167FE00AB156D /* Networking */ = {
			isa = PBXGroup;
			children = (
				30223F8B2BCD99A800AB156D /* NBAPalNetworkManager.swift */,
			);
			path = Networking;
			sourceTree = "<group>";
		};
		30223FA02BD1B1F300AB156D /* Coordinators */ = {
			isa = PBXGroup;
			children = (
				30223F6F2BCD678A00AB156D /* AppCoordinator.swift */,
				30223F742BCD6A3800AB156D /* PlayersCoordinator.swift */,
			);
			path = Coordinators;
			sourceTree = "<group>";
		};
/* End PBXGroup section */

/* Begin PBXNativeTarget section */
		30223F572BCD66A600AB156D /* NBAPal */ = {
			isa = PBXNativeTarget;
			buildConfigurationList = 30223F6C2BCD66A900AB156D /* Build configuration list for PBXNativeTarget "NBAPal" */;
			buildPhases = (
				30223F542BCD66A600AB156D /* Sources */,
				30223F552BCD66A600AB156D /* Frameworks */,
				30223F562BCD66A600AB156D /* Resources */,
			);
			buildRules = (
			);
			dependencies = (
			);
			name = NBAPal;
			productName = NBAPal;
			productReference = 30223F582BCD66A600AB156D /* NBAPal.app */;
			productType = "com.apple.product-type.application";
		};
/* End PBXNativeTarget section */

/* Begin PBXProject section */
		30223F502BCD66A600AB156D /* Project object */ = {
			isa = PBXProject;
			attributes = {
				BuildIndependentTargetsInParallel = 1;
				LastSwiftUpdateCheck = 1530;
				LastUpgradeCheck = 1530;
				TargetAttributes = {
					30223F572BCD66A600AB156D = {
						CreatedOnToolsVersion = 15.3;
					};
				};
			};
			buildConfigurationList = 30223F532BCD66A600AB156D /* Build configuration list for PBXProject "NBAPal" */;
			compatibilityVersion = "Xcode 14.0";
			developmentRegion = en;
			hasScannedForEncodings = 0;
			knownRegions = (
				en,
				Base,
				cs,
			);
			mainGroup = 30223F4F2BCD66A600AB156D;
			productRefGroup = 30223F592BCD66A600AB156D /* Products */;
			projectDirPath = "";
			projectRoot = "";
			targets = (
				30223F572BCD66A600AB156D /* NBAPal */,
			);
		};
/* End PBXProject section */

/* Begin PBXResourcesBuildPhase section */
		30223F562BCD66A600AB156D /* Resources */ = {
			isa = PBXResourcesBuildPhase;
			buildActionMask = 2147483647;
			files = (
				30223F652BCD66A800AB156D /* Assets.xcassets in Resources */,
				30223F682BCD66A800AB156D /* Base in Resources */,
				30223FA32BD1B41600AB156D /* Localizable.xcstrings in Resources */,
			);
			runOnlyForDeploymentPostprocessing = 0;
		};
/* End PBXResourcesBuildPhase section */

/* Begin PBXSourcesBuildPhase section */
		30223F542BCD66A600AB156D /* Sources */ = {
			isa = PBXSourcesBuildPhase;
			buildActionMask = 2147483647;
			files = (
				30223F702BCD678A00AB156D /* AppCoordinator.swift in Sources */,
				30223F852BCD6D4300AB156D /* TeamViewModel.swift in Sources */,
				30223F902BCE87A400AB156D /* PlayerListRow.swift in Sources */,
				30223F7F2BCD6D2900AB156D /* PlayerDetailViewModel.swift in Sources */,
				30223F9F2BD1708E00AB156D /* NetworkManager.swift in Sources */,
				30223F942BCFBEF700AB156D /* CLLocationExtension.swift in Sources */,
				30223F8E2BCE637900AB156D /* LoadingView.swift in Sources */,
				30223F8C2BCD99A800AB156D /* NBAPalNetworkManager.swift in Sources */,
				30223F722BCD67B500AB156D /* Coordinator.swift in Sources */,
				30223F982BCFC81D00AB156D /* PageGallery.swift in Sources */,
				30223F922BCE892000AB156D /* MockData.swift in Sources */,
				30223F5C2BCD66A600AB156D /* AppDelegate.swift in Sources */,
				30223F872BCD6D5700AB156D /* TeamView.swift in Sources */,
				30223F9D2BD16B3400AB156D /* NBAPalConfiguration.swift in Sources */,
				30223F5E2BCD66A600AB156D /* SceneDelegate.swift in Sources */,
				30223F792BCD6D0100AB156D /* PlayersViewModel.swift in Sources */,
				30223F9A2BD15BF400AB156D /* OSLogExtension.swift in Sources */,
				30223F7D2BCD6D1500AB156D /* PlayerDetailView.swift in Sources */,
				30223F752BCD6A3800AB156D /* PlayersCoordinator.swift in Sources */,
				30223F7B2BCD6D0800AB156D /* Player.swift in Sources */,
				30223F832BCD6D3900AB156D /* Team.swift in Sources */,
				30223F772BCD6B2A00AB156D /* PlayersListView.swift in Sources */,
			);
			runOnlyForDeploymentPostprocessing = 0;
		};
/* End PBXSourcesBuildPhase section */

/* Begin PBXVariantGroup section */
		30223F662BCD66A800AB156D /* LaunchScreen.storyboard */ = {
			isa = PBXVariantGroup;
			children = (
				30223F672BCD66A800AB156D /* Base */,
				30223FA12BD1B3D200AB156D /* cs */,
			);
			name = LaunchScreen.storyboard;
			sourceTree = "<group>";
		};
/* End PBXVariantGroup section */

/* Begin XCBuildConfiguration section */
		30223F6A2BCD66A900AB156D /* Debug */ = {
			isa = XCBuildConfiguration;
			buildSettings = {
				ALWAYS_SEARCH_USER_PATHS = NO;
				ASSETCATALOG_COMPILER_GENERATE_SWIFT_ASSET_SYMBOL_EXTENSIONS = YES;
				CLANG_ANALYZER_LOCALIZABILITY_NONLOCALIZED = YES;
				CLANG_ANALYZER_NONNULL = YES;
				CLANG_ANALYZER_NUMBER_OBJECT_CONVERSION = YES_AGGRESSIVE;
				CLANG_CXX_LANGUAGE_STANDARD = "gnu++20";
				CLANG_ENABLE_MODULES = YES;
				CLANG_ENABLE_OBJC_ARC = YES;
				CLANG_ENABLE_OBJC_WEAK = YES;
				CLANG_WARN_BLOCK_CAPTURE_AUTORELEASING = YES;
				CLANG_WARN_BOOL_CONVERSION = YES;
				CLANG_WARN_COMMA = YES;
				CLANG_WARN_CONSTANT_CONVERSION = YES;
				CLANG_WARN_DEPRECATED_OBJC_IMPLEMENTATIONS = YES;
				CLANG_WARN_DIRECT_OBJC_ISA_USAGE = YES_ERROR;
				CLANG_WARN_DOCUMENTATION_COMMENTS = YES;
				CLANG_WARN_EMPTY_BODY = YES;
				CLANG_WARN_ENUM_CONVERSION = YES;
				CLANG_WARN_INFINITE_RECURSION = YES;
				CLANG_WARN_INT_CONVERSION = YES;
				CLANG_WARN_NON_LITERAL_NULL_CONVERSION = YES;
				CLANG_WARN_OBJC_IMPLICIT_RETAIN_SELF = YES;
				CLANG_WARN_OBJC_LITERAL_CONVERSION = YES;
				CLANG_WARN_OBJC_ROOT_CLASS = YES_ERROR;
				CLANG_WARN_QUOTED_INCLUDE_IN_FRAMEWORK_HEADER = YES;
				CLANG_WARN_RANGE_LOOP_ANALYSIS = YES;
				CLANG_WARN_STRICT_PROTOTYPES = YES;
				CLANG_WARN_SUSPICIOUS_MOVE = YES;
				CLANG_WARN_UNGUARDED_AVAILABILITY = YES_AGGRESSIVE;
				CLANG_WARN_UNREACHABLE_CODE = YES;
				CLANG_WARN__DUPLICATE_METHOD_MATCH = YES;
				COPY_PHASE_STRIP = NO;
				DEBUG_INFORMATION_FORMAT = dwarf;
				ENABLE_STRICT_OBJC_MSGSEND = YES;
				ENABLE_TESTABILITY = YES;
				ENABLE_USER_SCRIPT_SANDBOXING = YES;
				GCC_C_LANGUAGE_STANDARD = gnu17;
				GCC_DYNAMIC_NO_PIC = NO;
				GCC_NO_COMMON_BLOCKS = YES;
				GCC_OPTIMIZATION_LEVEL = 0;
				GCC_PREPROCESSOR_DEFINITIONS = (
					"DEBUG=1",
					"$(inherited)",
				);
				GCC_WARN_64_TO_32_BIT_CONVERSION = YES;
				GCC_WARN_ABOUT_RETURN_TYPE = YES_ERROR;
				GCC_WARN_UNDECLARED_SELECTOR = YES;
				GCC_WARN_UNINITIALIZED_AUTOS = YES_AGGRESSIVE;
				GCC_WARN_UNUSED_FUNCTION = YES;
				GCC_WARN_UNUSED_VARIABLE = YES;
				IPHONEOS_DEPLOYMENT_TARGET = 17.4;
				LOCALIZATION_PREFERS_STRING_CATALOGS = YES;
				MTL_ENABLE_DEBUG_INFO = INCLUDE_SOURCE;
				MTL_FAST_MATH = YES;
				ONLY_ACTIVE_ARCH = YES;
				SDKROOT = iphoneos;
				SWIFT_ACTIVE_COMPILATION_CONDITIONS = "DEBUG $(inherited)";
				SWIFT_OPTIMIZATION_LEVEL = "-Onone";
			};
			name = Debug;
		};
		30223F6B2BCD66A900AB156D /* Release */ = {
			isa = XCBuildConfiguration;
			buildSettings = {
				ALWAYS_SEARCH_USER_PATHS = NO;
				ASSETCATALOG_COMPILER_GENERATE_SWIFT_ASSET_SYMBOL_EXTENSIONS = YES;
				CLANG_ANALYZER_LOCALIZABILITY_NONLOCALIZED = YES;
				CLANG_ANALYZER_NONNULL = YES;
				CLANG_ANALYZER_NUMBER_OBJECT_CONVERSION = YES_AGGRESSIVE;
				CLANG_CXX_LANGUAGE_STANDARD = "gnu++20";
				CLANG_ENABLE_MODULES = YES;
				CLANG_ENABLE_OBJC_ARC = YES;
				CLANG_ENABLE_OBJC_WEAK = YES;
				CLANG_WARN_BLOCK_CAPTURE_AUTORELEASING = YES;
				CLANG_WARN_BOOL_CONVERSION = YES;
				CLANG_WARN_COMMA = YES;
				CLANG_WARN_CONSTANT_CONVERSION = YES;
				CLANG_WARN_DEPRECATED_OBJC_IMPLEMENTATIONS = YES;
				CLANG_WARN_DIRECT_OBJC_ISA_USAGE = YES_ERROR;
				CLANG_WARN_DOCUMENTATION_COMMENTS = YES;
				CLANG_WARN_EMPTY_BODY = YES;
				CLANG_WARN_ENUM_CONVERSION = YES;
				CLANG_WARN_INFINITE_RECURSION = YES;
				CLANG_WARN_INT_CONVERSION = YES;
				CLANG_WARN_NON_LITERAL_NULL_CONVERSION = YES;
				CLANG_WARN_OBJC_IMPLICIT_RETAIN_SELF = YES;
				CLANG_WARN_OBJC_LITERAL_CONVERSION = YES;
				CLANG_WARN_OBJC_ROOT_CLASS = YES_ERROR;
				CLANG_WARN_QUOTED_INCLUDE_IN_FRAMEWORK_HEADER = YES;
				CLANG_WARN_RANGE_LOOP_ANALYSIS = YES;
				CLANG_WARN_STRICT_PROTOTYPES = YES;
				CLANG_WARN_SUSPICIOUS_MOVE = YES;
				CLANG_WARN_UNGUARDED_AVAILABILITY = YES_AGGRESSIVE;
				CLANG_WARN_UNREACHABLE_CODE = YES;
				CLANG_WARN__DUPLICATE_METHOD_MATCH = YES;
				COPY_PHASE_STRIP = NO;
				DEBUG_INFORMATION_FORMAT = "dwarf-with-dsym";
				ENABLE_NS_ASSERTIONS = NO;
				ENABLE_STRICT_OBJC_MSGSEND = YES;
				ENABLE_USER_SCRIPT_SANDBOXING = YES;
				GCC_C_LANGUAGE_STANDARD = gnu17;
				GCC_NO_COMMON_BLOCKS = YES;
				GCC_WARN_64_TO_32_BIT_CONVERSION = YES;
				GCC_WARN_ABOUT_RETURN_TYPE = YES_ERROR;
				GCC_WARN_UNDECLARED_SELECTOR = YES;
				GCC_WARN_UNINITIALIZED_AUTOS = YES_AGGRESSIVE;
				GCC_WARN_UNUSED_FUNCTION = YES;
				GCC_WARN_UNUSED_VARIABLE = YES;
				IPHONEOS_DEPLOYMENT_TARGET = 17.4;
				LOCALIZATION_PREFERS_STRING_CATALOGS = YES;
				MTL_ENABLE_DEBUG_INFO = NO;
				MTL_FAST_MATH = YES;
				SDKROOT = iphoneos;
				SWIFT_COMPILATION_MODE = wholemodule;
				VALIDATE_PRODUCT = YES;
			};
			name = Release;
		};
		30223F6D2BCD66A900AB156D /* Debug */ = {
			isa = XCBuildConfiguration;
			buildSettings = {
				ASSETCATALOG_COMPILER_APPICON_NAME = AppIcon;
				ASSETCATALOG_COMPILER_GLOBAL_ACCENT_COLOR_NAME = AccentColor;
				CODE_SIGN_STYLE = Automatic;
				CURRENT_PROJECT_VERSION = 1;
				DEVELOPMENT_TEAM = 2856EU3Z8S;
				GENERATE_INFOPLIST_FILE = YES;
				INFOPLIST_FILE = NBAPal/Info.plist;
				INFOPLIST_KEY_UIApplicationSupportsIndirectInputEvents = YES;
				INFOPLIST_KEY_UILaunchStoryboardName = LaunchScreen;
				INFOPLIST_KEY_UIMainStoryboardFile = "";
				INFOPLIST_KEY_UISupportedInterfaceOrientations_iPad = "UIInterfaceOrientationPortrait UIInterfaceOrientationPortraitUpsideDown UIInterfaceOrientationLandscapeLeft UIInterfaceOrientationLandscapeRight";
				INFOPLIST_KEY_UISupportedInterfaceOrientations_iPhone = "UIInterfaceOrientationPortrait UIInterfaceOrientationLandscapeLeft UIInterfaceOrientationLandscapeRight";
				LD_RUNPATH_SEARCH_PATHS = (
					"$(inherited)",
					"@executable_path/Frameworks",
				);
				MARKETING_VERSION = 1.0;
				PRODUCT_BUNDLE_IDENTIFIER = cz.aurotech.NBAPal;
				PRODUCT_NAME = "$(TARGET_NAME)";
				SWIFT_EMIT_LOC_STRINGS = YES;
				SWIFT_VERSION = 5.0;
				TARGETED_DEVICE_FAMILY = "1,2";
			};
			name = Debug;
		};
		30223F6E2BCD66A900AB156D /* Release */ = {
			isa = XCBuildConfiguration;
			buildSettings = {
				ASSETCATALOG_COMPILER_APPICON_NAME = AppIcon;
				ASSETCATALOG_COMPILER_GLOBAL_ACCENT_COLOR_NAME = AccentColor;
				CODE_SIGN_STYLE = Automatic;
				CURRENT_PROJECT_VERSION = 1;
				DEVELOPMENT_TEAM = 2856EU3Z8S;
				GENERATE_INFOPLIST_FILE = YES;
				INFOPLIST_FILE = NBAPal/Info.plist;
				INFOPLIST_KEY_UIApplicationSupportsIndirectInputEvents = YES;
				INFOPLIST_KEY_UILaunchStoryboardName = LaunchScreen;
				INFOPLIST_KEY_UIMainStoryboardFile = "";
				INFOPLIST_KEY_UISupportedInterfaceOrientations_iPad = "UIInterfaceOrientationPortrait UIInterfaceOrientationPortraitUpsideDown UIInterfaceOrientationLandscapeLeft UIInterfaceOrientationLandscapeRight";
				INFOPLIST_KEY_UISupportedInterfaceOrientations_iPhone = "UIInterfaceOrientationPortrait UIInterfaceOrientationLandscapeLeft UIInterfaceOrientationLandscapeRight";
				LD_RUNPATH_SEARCH_PATHS = (
					"$(inherited)",
					"@executable_path/Frameworks",
				);
				MARKETING_VERSION = 1.0;
				PRODUCT_BUNDLE_IDENTIFIER = cz.aurotech.NBAPal;
				PRODUCT_NAME = "$(TARGET_NAME)";
				SWIFT_EMIT_LOC_STRINGS = YES;
				SWIFT_VERSION = 5.0;
				TARGETED_DEVICE_FAMILY = "1,2";
			};
			name = Release;
		};
/* End XCBuildConfiguration section */

/* Begin XCConfigurationList section */
		30223F532BCD66A600AB156D /* Build configuration list for PBXProject "NBAPal" */ = {
			isa = XCConfigurationList;
			buildConfigurations = (
				30223F6A2BCD66A900AB156D /* Debug */,
				30223F6B2BCD66A900AB156D /* Release */,
			);
			defaultConfigurationIsVisible = 0;
			defaultConfigurationName = Release;
		};
		30223F6C2BCD66A900AB156D /* Build configuration list for PBXNativeTarget "NBAPal" */ = {
			isa = XCConfigurationList;
			buildConfigurations = (
				30223F6D2BCD66A900AB156D /* Debug */,
				30223F6E2BCD66A900AB156D /* Release */,
			);
			defaultConfigurationIsVisible = 0;
			defaultConfigurationName = Release;
		};
/* End XCConfigurationList section */
	};
	rootObject = 30223F502BCD66A600AB156D /* Project object */;
}
